// !$*UTF8*$!
{
	archiveVersion = 1;
	classes = {
	};
	objectVersion = 55;
	objects = {

/* Begin PBXBuildFile section */
		55825B44286EEA4100A69C8F /* TempoStd-HeavyCondensed.otf in Resources */ = {isa = PBXBuildFile; fileRef = 55825B38286EEA4100A69C8F /* TempoStd-HeavyCondensed.otf */; };
		55825B45286EEA4100A69C8F /* OpenSans-Semibold.ttf in Resources */ = {isa = PBXBuildFile; fileRef = 55825B3A286EEA4100A69C8F /* OpenSans-Semibold.ttf */; };
		55825B46286EEA4100A69C8F /* OpenSans-Light.ttf in Resources */ = {isa = PBXBuildFile; fileRef = 55825B3B286EEA4100A69C8F /* OpenSans-Light.ttf */; };
		55825B47286EEA4100A69C8F /* OpenSans-Italic.ttf in Resources */ = {isa = PBXBuildFile; fileRef = 55825B3C286EEA4100A69C8F /* OpenSans-Italic.ttf */; };
		55825B48286EEA4100A69C8F /* OpenSans-ExtraBold.ttf in Resources */ = {isa = PBXBuildFile; fileRef = 55825B3D286EEA4100A69C8F /* OpenSans-ExtraBold.ttf */; };
		55825B49286EEA4100A69C8F /* OpenSans-LightItalic.ttf in Resources */ = {isa = PBXBuildFile; fileRef = 55825B3E286EEA4100A69C8F /* OpenSans-LightItalic.ttf */; };
		55825B4A286EEA4100A69C8F /* OpenSans-Bold.ttf in Resources */ = {isa = PBXBuildFile; fileRef = 55825B3F286EEA4100A69C8F /* OpenSans-Bold.ttf */; };
		55825B4B286EEA4100A69C8F /* OpenSans-SemiboldItalic.ttf in Resources */ = {isa = PBXBuildFile; fileRef = 55825B40286EEA4100A69C8F /* OpenSans-SemiboldItalic.ttf */; };
		55825B4C286EEA4100A69C8F /* OpenSans-ExtraBoldItalic.ttf in Resources */ = {isa = PBXBuildFile; fileRef = 55825B41286EEA4100A69C8F /* OpenSans-ExtraBoldItalic.ttf */; };
		55825B4D286EEA4100A69C8F /* OpenSans-Regular.ttf in Resources */ = {isa = PBXBuildFile; fileRef = 55825B42286EEA4100A69C8F /* OpenSans-Regular.ttf */; };
		55825B4E286EEA4100A69C8F /* OpenSans-BoldItalic.ttf in Resources */ = {isa = PBXBuildFile; fileRef = 55825B43286EEA4100A69C8F /* OpenSans-BoldItalic.ttf */; };
		55825B50286EEA5800A69C8F /* CCLFont.swift in Sources */ = {isa = PBXBuildFile; fileRef = 55825B4F286EEA5800A69C8F /* CCLFont.swift */; };
		55DACA57283F682A0092C655 /* CCLCommsApp.swift in Sources */ = {isa = PBXBuildFile; fileRef = 55DACA56283F682A0092C655 /* CCLCommsApp.swift */; };
		55DACA59283F682A0092C655 /* ContentView.swift in Sources */ = {isa = PBXBuildFile; fileRef = 55DACA58283F682A0092C655 /* ContentView.swift */; };
		55DACA5B283F682D0092C655 /* Assets.xcassets in Resources */ = {isa = PBXBuildFile; fileRef = 55DACA5A283F682D0092C655 /* Assets.xcassets */; };
		55DACA5E283F682D0092C655 /* Preview Assets.xcassets in Resources */ = {isa = PBXBuildFile; fileRef = 55DACA5D283F682D0092C655 /* Preview Assets.xcassets */; };
		55DACA69284271860092C655 /* AccountsView.swift in Sources */ = {isa = PBXBuildFile; fileRef = 55DACA68284271860092C655 /* AccountsView.swift */; };
/* End PBXBuildFile section */

/* Begin PBXFileReference section */
		55825B38286EEA4100A69C8F /* TempoStd-HeavyCondensed.otf */ = {isa = PBXFileReference; lastKnownFileType = file; path = "TempoStd-HeavyCondensed.otf"; sourceTree = "<group>"; };
		55825B3A286EEA4100A69C8F /* OpenSans-Semibold.ttf */ = {isa = PBXFileReference; lastKnownFileType = file; path = "OpenSans-Semibold.ttf"; sourceTree = "<group>"; };
		55825B3B286EEA4100A69C8F /* OpenSans-Light.ttf */ = {isa = PBXFileReference; lastKnownFileType = file; path = "OpenSans-Light.ttf"; sourceTree = "<group>"; };
		55825B3C286EEA4100A69C8F /* OpenSans-Italic.ttf */ = {isa = PBXFileReference; lastKnownFileType = file; path = "OpenSans-Italic.ttf"; sourceTree = "<group>"; };
		55825B3D286EEA4100A69C8F /* OpenSans-ExtraBold.ttf */ = {isa = PBXFileReference; lastKnownFileType = file; path = "OpenSans-ExtraBold.ttf"; sourceTree = "<group>"; };
		55825B3E286EEA4100A69C8F /* OpenSans-LightItalic.ttf */ = {isa = PBXFileReference; lastKnownFileType = file; path = "OpenSans-LightItalic.ttf"; sourceTree = "<group>"; };
		55825B3F286EEA4100A69C8F /* OpenSans-Bold.ttf */ = {isa = PBXFileReference; lastKnownFileType = file; path = "OpenSans-Bold.ttf"; sourceTree = "<group>"; };
		55825B40286EEA4100A69C8F /* OpenSans-SemiboldItalic.ttf */ = {isa = PBXFileReference; lastKnownFileType = file; path = "OpenSans-SemiboldItalic.ttf"; sourceTree = "<group>"; };
		55825B41286EEA4100A69C8F /* OpenSans-ExtraBoldItalic.ttf */ = {isa = PBXFileReference; lastKnownFileType = file; path = "OpenSans-ExtraBoldItalic.ttf"; sourceTree = "<group>"; };
		55825B42286EEA4100A69C8F /* OpenSans-Regular.ttf */ = {isa = PBXFileReference; lastKnownFileType = file; path = "OpenSans-Regular.ttf"; sourceTree = "<group>"; };
		55825B43286EEA4100A69C8F /* OpenSans-BoldItalic.ttf */ = {isa = PBXFileReference; lastKnownFileType = file; path = "OpenSans-BoldItalic.ttf"; sourceTree = "<group>"; };
		55825B4F286EEA5800A69C8F /* CCLFont.swift */ = {isa = PBXFileReference; fileEncoding = 4; lastKnownFileType = sourcecode.swift; path = CCLFont.swift; sourceTree = "<group>"; };
		55DACA53283F682A0092C655 /* CCLComms.app */ = {isa = PBXFileReference; explicitFileType = wrapper.application; includeInIndex = 0; path = CCLComms.app; sourceTree = BUILT_PRODUCTS_DIR; };
		55DACA56283F682A0092C655 /* CCLCommsApp.swift */ = {isa = PBXFileReference; lastKnownFileType = sourcecode.swift; path = CCLCommsApp.swift; sourceTree = "<group>"; };
		55DACA58283F682A0092C655 /* ContentView.swift */ = {isa = PBXFileReference; lastKnownFileType = sourcecode.swift; path = ContentView.swift; sourceTree = "<group>"; };
		55DACA5A283F682D0092C655 /* Assets.xcassets */ = {isa = PBXFileReference; lastKnownFileType = folder.assetcatalog; path = Assets.xcassets; sourceTree = "<group>"; };
		55DACA5D283F682D0092C655 /* Preview Assets.xcassets */ = {isa = PBXFileReference; lastKnownFileType = folder.assetcatalog; path = "Preview Assets.xcassets"; sourceTree = "<group>"; };
		55DACA68284271860092C655 /* AccountsView.swift */ = {isa = PBXFileReference; lastKnownFileType = sourcecode.swift; path = AccountsView.swift; sourceTree = "<group>"; };
/* End PBXFileReference section */

/* Begin PBXFrameworksBuildPhase section */
		55DACA50283F682A0092C655 /* Frameworks */ = {
			isa = PBXFrameworksBuildPhase;
			buildActionMask = 2147483647;
			files = (
			);
			runOnlyForDeploymentPostprocessing = 0;
		};
/* End PBXFrameworksBuildPhase section */

/* Begin PBXGroup section */
		55825B36286EEA4100A69C8F /* Fonts */ = {
			isa = PBXGroup;
			children = (
				55825B37286EEA4100A69C8F /* TempoStd */,
				55825B39286EEA4100A69C8F /* OpenSans */,
			);
			name = Fonts;
			path = ../../../../../../iOS/CCL/Carnival.Ios.Styles/CCLStyles/CCLStyles/Assets/Fonts;
			sourceTree = "<group>";
		};
		55825B37286EEA4100A69C8F /* TempoStd */ = {
			isa = PBXGroup;
			children = (
				55825B38286EEA4100A69C8F /* TempoStd-HeavyCondensed.otf */,
			);
			path = TempoStd;
			sourceTree = "<group>";
		};
		55825B39286EEA4100A69C8F /* OpenSans */ = {
			isa = PBXGroup;
			children = (
				55825B3A286EEA4100A69C8F /* OpenSans-Semibold.ttf */,
				55825B3B286EEA4100A69C8F /* OpenSans-Light.ttf */,
				55825B3C286EEA4100A69C8F /* OpenSans-Italic.ttf */,
				55825B3D286EEA4100A69C8F /* OpenSans-ExtraBold.ttf */,
				55825B3E286EEA4100A69C8F /* OpenSans-LightItalic.ttf */,
				55825B3F286EEA4100A69C8F /* OpenSans-Bold.ttf */,
				55825B40286EEA4100A69C8F /* OpenSans-SemiboldItalic.ttf */,
				55825B41286EEA4100A69C8F /* OpenSans-ExtraBoldItalic.ttf */,
				55825B42286EEA4100A69C8F /* OpenSans-Regular.ttf */,
				55825B43286EEA4100A69C8F /* OpenSans-BoldItalic.ttf */,
			);
			path = OpenSans;
			sourceTree = "<group>";
		};
		55DACA4A283F682A0092C655 = {
			isa = PBXGroup;
			children = (
				55DACA55283F682A0092C655 /* CCLComms */,
				55DACA54283F682A0092C655 /* Products */,
			);
			sourceTree = "<group>";
		};
		55DACA54283F682A0092C655 /* Products */ = {
			isa = PBXGroup;
			children = (
				55DACA53283F682A0092C655 /* CCLComms.app */,
			);
			name = Products;
			sourceTree = "<group>";
		};
		55DACA55283F682A0092C655 /* CCLComms */ = {
			isa = PBXGroup;
			children = (
				55DACA56283F682A0092C655 /* CCLCommsApp.swift */,
				55DACA58283F682A0092C655 /* ContentView.swift */,
				55DACA68284271860092C655 /* AccountsView.swift */,
				55825B4F286EEA5800A69C8F /* CCLFont.swift */,
				55DACA5A283F682D0092C655 /* Assets.xcassets */,
				55825B36286EEA4100A69C8F /* Fonts */,
				55DACA5C283F682D0092C655 /* Preview Content */,
			);
			path = CCLComms;
			sourceTree = "<group>";
		};
		55DACA5C283F682D0092C655 /* Preview Content */ = {
			isa = PBXGroup;
			children = (
				55DACA5D283F682D0092C655 /* Preview Assets.xcassets */,
			);
			path = "Preview Content";
			sourceTree = "<group>";
		};
/* End PBXGroup section */

/* Begin PBXNativeTarget section */
		55DACA52283F682A0092C655 /* CCLComms */ = {
			isa = PBXNativeTarget;
			buildConfigurationList = 55DACA61283F682D0092C655 /* Build configuration list for PBXNativeTarget "CCLComms" */;
			buildPhases = (
				55DACA4F283F682A0092C655 /* Sources */,
				55DACA50283F682A0092C655 /* Frameworks */,
				55DACA51283F682A0092C655 /* Resources */,
			);
			buildRules = (
			);
			dependencies = (
			);
			name = CCLComms;
			productName = CCLComms;
			productReference = 55DACA53283F682A0092C655 /* CCLComms.app */;
			productType = "com.apple.product-type.application";
		};
/* End PBXNativeTarget section */

/* Begin PBXProject section */
		55DACA4B283F682A0092C655 /* Project object */ = {
			isa = PBXProject;
			attributes = {
				BuildIndependentTargetsInParallel = 1;
				LastSwiftUpdateCheck = 1330;
				LastUpgradeCheck = 1330;
				TargetAttributes = {
					55DACA52283F682A0092C655 = {
						CreatedOnToolsVersion = 13.3.1;
					};
				};
			};
			buildConfigurationList = 55DACA4E283F682A0092C655 /* Build configuration list for PBXProject "CCLComms" */;
			compatibilityVersion = "Xcode 13.0";
			developmentRegion = en;
			hasScannedForEncodings = 0;
			knownRegions = (
				en,
				Base,
			);
			mainGroup = 55DACA4A283F682A0092C655;
			productRefGroup = 55DACA54283F682A0092C655 /* Products */;
			projectDirPath = "";
			projectRoot = "";
			targets = (
				55DACA52283F682A0092C655 /* CCLComms */,
			);
		};
/* End PBXProject section */

/* Begin PBXResourcesBuildPhase section */
		55DACA51283F682A0092C655 /* Resources */ = {
			isa = PBXResourcesBuildPhase;
			buildActionMask = 2147483647;
			files = (
				55825B45286EEA4100A69C8F /* OpenSans-Semibold.ttf in Resources */,
				55DACA5E283F682D0092C655 /* Preview Assets.xcassets in Resources */,
				55825B48286EEA4100A69C8F /* OpenSans-ExtraBold.ttf in Resources */,
				55DACA5B283F682D0092C655 /* Assets.xcassets in Resources */,
				55825B47286EEA4100A69C8F /* OpenSans-Italic.ttf in Resources */,
				55825B4A286EEA4100A69C8F /* OpenSans-Bold.ttf in Resources */,
				55825B4B286EEA4100A69C8F /* OpenSans-SemiboldItalic.ttf in Resources */,
				55825B46286EEA4100A69C8F /* OpenSans-Light.ttf in Resources */,
				55825B4E286EEA4100A69C8F /* OpenSans-BoldItalic.ttf in Resources */,
				55825B49286EEA4100A69C8F /* OpenSans-LightItalic.ttf in Resources */,
				55825B4C286EEA4100A69C8F /* OpenSans-ExtraBoldItalic.ttf in Resources */,
				55825B4D286EEA4100A69C8F /* OpenSans-Regular.ttf in Resources */,
				55825B44286EEA4100A69C8F /* TempoStd-HeavyCondensed.otf in Resources */,
			);
			runOnlyForDeploymentPostprocessing = 0;
		};
/* End PBXResourcesBuildPhase section */

/* Begin PBXSourcesBuildPhase section */
		55DACA4F283F682A0092C655 /* Sources */ = {
			isa = PBXSourcesBuildPhase;
			buildActionMask = 2147483647;
			files = (
				55DACA69284271860092C655 /* AccountsView.swift in Sources */,
				55825B50286EEA5800A69C8F /* CCLFont.swift in Sources */,
				55DACA59283F682A0092C655 /* ContentView.swift in Sources */,
				55DACA57283F682A0092C655 /* CCLCommsApp.swift in Sources */,
			);
			runOnlyForDeploymentPostprocessing = 0;
		};
/* End PBXSourcesBuildPhase section */

/* Begin XCBuildConfiguration section */
		55DACA5F283F682D0092C655 /* Debug */ = {
			isa = XCBuildConfiguration;
			buildSettings = {
				ALWAYS_SEARCH_USER_PATHS = NO;
				CLANG_ANALYZER_NONNULL = YES;
				CLANG_ANALYZER_NUMBER_OBJECT_CONVERSION = YES_AGGRESSIVE;
				CLANG_CXX_LANGUAGE_STANDARD = "gnu++17";
				CLANG_ENABLE_MODULES = YES;
				CLANG_ENABLE_OBJC_ARC = YES;
				CLANG_ENABLE_OBJC_WEAK = YES;
				CLANG_WARN_BLOCK_CAPTURE_AUTORELEASING = YES;
				CLANG_WARN_BOOL_CONVERSION = YES;
				CLANG_WARN_COMMA = YES;
				CLANG_WARN_CONSTANT_CONVERSION = YES;
				CLANG_WARN_DEPRECATED_OBJC_IMPLEMENTATIONS = YES;
				CLANG_WARN_DIRECT_OBJC_ISA_USAGE = YES_ERROR;
				CLANG_WARN_DOCUMENTATION_COMMENTS = YES;
				CLANG_WARN_EMPTY_BODY = YES;
				CLANG_WARN_ENUM_CONVERSION = YES;
				CLANG_WARN_INFINITE_RECURSION = YES;
				CLANG_WARN_INT_CONVERSION = YES;
				CLANG_WARN_NON_LITERAL_NULL_CONVERSION = YES;
				CLANG_WARN_OBJC_IMPLICIT_RETAIN_SELF = YES;
				CLANG_WARN_OBJC_LITERAL_CONVERSION = YES;
				CLANG_WARN_OBJC_ROOT_CLASS = YES_ERROR;
				CLANG_WARN_QUOTED_INCLUDE_IN_FRAMEWORK_HEADER = YES;
				CLANG_WARN_RANGE_LOOP_ANALYSIS = YES;
				CLANG_WARN_STRICT_PROTOTYPES = YES;
				CLANG_WARN_SUSPICIOUS_MOVE = YES;
				CLANG_WARN_UNGUARDED_AVAILABILITY = YES_AGGRESSIVE;
				CLANG_WARN_UNREACHABLE_CODE = YES;
				CLANG_WARN__DUPLICATE_METHOD_MATCH = YES;
				COPY_PHASE_STRIP = NO;
				DEBUG_INFORMATION_FORMAT = dwarf;
				ENABLE_STRICT_OBJC_MSGSEND = YES;
				ENABLE_TESTABILITY = YES;
				GCC_C_LANGUAGE_STANDARD = gnu11;
				GCC_DYNAMIC_NO_PIC = NO;
				GCC_NO_COMMON_BLOCKS = YES;
				GCC_OPTIMIZATION_LEVEL = 0;
				GCC_PREPROCESSOR_DEFINITIONS = (
					"DEBUG=1",
					"$(inherited)",
				);
				GCC_WARN_64_TO_32_BIT_CONVERSION = YES;
				GCC_WARN_ABOUT_RETURN_TYPE = YES_ERROR;
				GCC_WARN_UNDECLARED_SELECTOR = YES;
				GCC_WARN_UNINITIALIZED_AUTOS = YES_AGGRESSIVE;
				GCC_WARN_UNUSED_FUNCTION = YES;
				GCC_WARN_UNUSED_VARIABLE = YES;
				IPHONEOS_DEPLOYMENT_TARGET = 15.4;
				MTL_ENABLE_DEBUG_INFO = INCLUDE_SOURCE;
				MTL_FAST_MATH = YES;
				ONLY_ACTIVE_ARCH = YES;
				SDKROOT = iphoneos;
				SWIFT_ACTIVE_COMPILATION_CONDITIONS = DEBUG;
				SWIFT_OPTIMIZATION_LEVEL = "-Onone";
			};
			name = Debug;
		};
		55DACA60283F682D0092C655 /* Release */ = {
			isa = XCBuildConfiguration;
			buildSettings = {
				ALWAYS_SEARCH_USER_PATHS = NO;
				CLANG_ANALYZER_NONNULL = YES;
				CLANG_ANALYZER_NUMBER_OBJECT_CONVERSION = YES_AGGRESSIVE;
				CLANG_CXX_LANGUAGE_STANDARD = "gnu++17";
				CLANG_ENABLE_MODULES = YES;
				CLANG_ENABLE_OBJC_ARC = YES;
				CLANG_ENABLE_OBJC_WEAK = YES;
				CLANG_WARN_BLOCK_CAPTURE_AUTORELEASING = YES;
				CLANG_WARN_BOOL_CONVERSION = YES;
				CLANG_WARN_COMMA = YES;
				CLANG_WARN_CONSTANT_CONVERSION = YES;
				CLANG_WARN_DEPRECATED_OBJC_IMPLEMENTATIONS = YES;
				CLANG_WARN_DIRECT_OBJC_ISA_USAGE = YES_ERROR;
				CLANG_WARN_DOCUMENTATION_COMMENTS = YES;
				CLANG_WARN_EMPTY_BODY = YES;
				CLANG_WARN_ENUM_CONVERSION = YES;
				CLANG_WARN_INFINITE_RECURSION = YES;
				CLANG_WARN_INT_CONVERSION = YES;
				CLANG_WARN_NON_LITERAL_NULL_CONVERSION = YES;
				CLANG_WARN_OBJC_IMPLICIT_RETAIN_SELF = YES;
				CLANG_WARN_OBJC_LITERAL_CONVERSION = YES;
				CLANG_WARN_OBJC_ROOT_CLASS = YES_ERROR;
				CLANG_WARN_QUOTED_INCLUDE_IN_FRAMEWORK_HEADER = YES;
				CLANG_WARN_RANGE_LOOP_ANALYSIS = YES;
				CLANG_WARN_STRICT_PROTOTYPES = YES;
				CLANG_WARN_SUSPICIOUS_MOVE = YES;
				CLANG_WARN_UNGUARDED_AVAILABILITY = YES_AGGRESSIVE;
				CLANG_WARN_UNREACHABLE_CODE = YES;
				CLANG_WARN__DUPLICATE_METHOD_MATCH = YES;
				COPY_PHASE_STRIP = NO;
				DEBUG_INFORMATION_FORMAT = "dwarf-with-dsym";
				ENABLE_NS_ASSERTIONS = NO;
				ENABLE_STRICT_OBJC_MSGSEND = YES;
				GCC_C_LANGUAGE_STANDARD = gnu11;
				GCC_NO_COMMON_BLOCKS = YES;
				GCC_WARN_64_TO_32_BIT_CONVERSION = YES;
				GCC_WARN_ABOUT_RETURN_TYPE = YES_ERROR;
				GCC_WARN_UNDECLARED_SELECTOR = YES;
				GCC_WARN_UNINITIALIZED_AUTOS = YES_AGGRESSIVE;
				GCC_WARN_UNUSED_FUNCTION = YES;
				GCC_WARN_UNUSED_VARIABLE = YES;
				IPHONEOS_DEPLOYMENT_TARGET = 15.4;
				MTL_ENABLE_DEBUG_INFO = NO;
				MTL_FAST_MATH = YES;
				SDKROOT = iphoneos;
				SWIFT_COMPILATION_MODE = wholemodule;
				SWIFT_OPTIMIZATION_LEVEL = "-O";
				VALIDATE_PRODUCT = YES;
			};
			name = Release;
		};
		55DACA62283F682D0092C655 /* Debug */ = {
			isa = XCBuildConfiguration;
			buildSettings = {
				ASSETCATALOG_COMPILER_APPICON_NAME = AppIcon;
				ASSETCATALOG_COMPILER_GLOBAL_ACCENT_COLOR_NAME = AccentColor;
				CODE_SIGN_STYLE = Automatic;
				CURRENT_PROJECT_VERSION = 1;
				DEVELOPMENT_ASSET_PATHS = "\"CCLComms/Preview Content\"";
				DEVELOPMENT_TEAM = 9UHF7ZF99A;
				ENABLE_PREVIEWS = YES;
				GENERATE_INFOPLIST_FILE = YES;
				INFOPLIST_KEY_UIApplicationSceneManifest_Generation = YES;
				INFOPLIST_KEY_UIApplicationSupportsIndirectInputEvents = YES;
				INFOPLIST_KEY_UILaunchScreen_Generation = YES;
				INFOPLIST_KEY_UISupportedInterfaceOrientations_iPad = "UIInterfaceOrientationPortrait UIInterfaceOrientationPortraitUpsideDown UIInterfaceOrientationLandscapeLeft UIInterfaceOrientationLandscapeRight";
				INFOPLIST_KEY_UISupportedInterfaceOrientations_iPhone = "UIInterfaceOrientationPortrait UIInterfaceOrientationLandscapeLeft UIInterfaceOrientationLandscapeRight";
				IPHONEOS_DEPLOYMENT_TARGET = 15.4;
				LD_RUNPATH_SEARCH_PATHS = (
					"$(inherited)",
					"@executable_path/Frameworks",
				);
				MARKETING_VERSION = 1.0;
				PRODUCT_BUNDLE_IDENTIFIER = com.fiat.CCLComms;
				PRODUCT_NAME = "$(TARGET_NAME)";
				SWIFT_EMIT_LOC_STRINGS = YES;
				SWIFT_VERSION = 5.0;
				TARGETED_DEVICE_FAMILY = 1;
			};
			name = Debug;
		};
		55DACA63283F682D0092C655 /* Release */ = {
			isa = XCBuildConfiguration;
			buildSettings = {
				ASSETCATALOG_COMPILER_APPICON_NAME = AppIcon;
				ASSETCATALOG_COMPILER_GLOBAL_ACCENT_COLOR_NAME = AccentColor;
				CODE_SIGN_STYLE = Automatic;
				CURRENT_PROJECT_VERSION = 1;
				DEVELOPMENT_ASSET_PATHS = "\"CCLComms/Preview Content\"";
				DEVELOPMENT_TEAM = 9UHF7ZF99A;
				ENABLE_PREVIEWS = YES;
				GENERATE_INFOPLIST_FILE = YES;
				INFOPLIST_KEY_UIApplicationSceneManifest_Generation = YES;
				INFOPLIST_KEY_UIApplicationSupportsIndirectInputEvents = YES;
				INFOPLIST_KEY_UILaunchScreen_Generation = YES;
				INFOPLIST_KEY_UISupportedInterfaceOrientations_iPad = "UIInterfaceOrientationPortrait UIInterfaceOrientationPortraitUpsideDown UIInterfaceOrientationLandscapeLeft UIInterfaceOrientationLandscapeRight";
				INFOPLIST_KEY_UISupportedInterfaceOrientations_iPhone = "UIInterfaceOrientationPortrait UIInterfaceOrientationLandscapeLeft UIInterfaceOrientationLandscapeRight";
				IPHONEOS_DEPLOYMENT_TARGET = 15.4;
				LD_RUNPATH_SEARCH_PATHS = (
					"$(inherited)",
					"@executable_path/Frameworks",
				);
				MARKETING_VERSION = 1.0;
				PRODUCT_BUNDLE_IDENTIFIER = com.fiat.CCLComms;
				PRODUCT_NAME = "$(TARGET_NAME)";
				SWIFT_EMIT_LOC_STRINGS = YES;
				SWIFT_VERSION = 5.0;
				TARGETED_DEVICE_FAMILY = 1;
			};
			name = Release;
		};
/* End XCBuildConfiguration section */

/* Begin XCConfigurationList section */
		55DACA4E283F682A0092C655 /* Build configuration list for PBXProject "CCLComms" */ = {
			isa = XCConfigurationList;
			buildConfigurations = (
				55DACA5F283F682D0092C655 /* Debug */,
				55DACA60283F682D0092C655 /* Release */,
			);
			defaultConfigurationIsVisible = 0;
			defaultConfigurationName = Release;
		};
		55DACA61283F682D0092C655 /* Build configuration list for PBXNativeTarget "CCLComms" */ = {
			isa = XCConfigurationList;
			buildConfigurations = (
				55DACA62283F682D0092C655 /* Debug */,
				55DACA63283F682D0092C655 /* Release */,
			);
			defaultConfigurationIsVisible = 0;
			defaultConfigurationName = Release;
		};
/* End XCConfigurationList section */
	};
	rootObject = 55DACA4B283F682A0092C655 /* Project object */;
}
